{
	"name": "language-javascript-plus",
	"version": "3.0.0",
	"lockfileVersion": 1,
	"requires": true,
	"dependencies": {
		"nan": {
			"version": "2.14.0",
			"resolved": "https://registry.npmjs.org/nan/-/nan-2.14.0.tgz",
			"integrity": "sha512-INOFj37C7k3AfaNTtX8RhsTw7qRy7eLET14cROi9+5HAVbbHuIWUHEauBv5qT4Av2tWasiTY1Jw6puUNqRJXQg=="
		},
		"tree-sitter-javascript": {
			"version": "0.15.1",
			"resolved": "https://registry.npmjs.org/tree-sitter-javascript/-/tree-sitter-javascript-0.15.1.tgz",
			"integrity": "sha512-YqElb/+Ds+wKttfCzNu03/C+gD5PnE79j7ldWnQ+Ww9PqU3QpR3/CdOg/05jqKGMWJVzXcgNEZ3TWOxcJT+Uug==",
			"requires": {
				"nan": "^2.12.1"
			}
		}
	}
}
